{
  "version": 1,
  "dependencies": {
    "net10.0": {
      "vbatools.semantics": {
        "type": "Project",
        "dependencies": {
          "VbaTools.SourceIdentity": "[1.0.0, )",
          "VbaTools.Syntax": "[1.0.0, )"
        }
      },
      "vbatools.sourceidentity": {
        "type": "Project"
      },
      "vbatools.syntax": {
        "type": "Project"
      }
    }
  }
}
