{
  "version": 1,
  "dependencies": {
    "net10.0": {
      "Microsoft.NET.ILLink.Tasks": {
        "type": "Direct",
        "requested": "[10.0.8, )",
        "resolved": "10.0.8",
        "contentHash": "dVbSXGIFNR5nZcv2tOLoWI+a9T4jtFd77IYjuND+QVe360qWgAF7H0WtoopYhRw/+SgpGUTyrkrh+65+ClNnfw=="
      },
      "System.CommandLine": {
        "type": "Direct",
        "requested": "[2.0.5, )",
        "resolved": "2.0.5",
        "contentHash": "2XtWAPk1G6arpe3OCFNrYYuf6iIboznxs2elJSGgd8e0euou7LfGYFon6hBEfDWNtOLr0M3+oUVgy1a5EGa41A=="
      },
      "vbadev.app": {
        "type": "Project",
        "dependencies": {
          "VbaDev.Domain": "[0.1.0, )",
          "VbaLanguageServer.Syntax": "[1.0.0, )",
          "VbaTools.TypeLibRegistry": "[0.1.0, )"
        }
      },
      "vbadev.composition": {
        "type": "Project",
        "dependencies": {
          "VbaDev.App": "[0.1.0, )",
          "VbaDev.Domain": "[0.1.0, )",
          "VbaDev.Infrastructure": "[0.1.0, )"
        }
      },
      "vbadev.domain": {
        "type": "Project",
        "dependencies": {
          "VbaLanguageServer.Syntax": "[1.0.0, )"
        }
      },
      "vbadev.infrastructure": {
        "type": "Project",
        "dependencies": {
          "VbaDev.App": "[0.1.0, )",
          "VbaDev.Domain": "[0.1.0, )",
          "VbaLanguageServer.Syntax": "[1.0.0, )",
          "VbaTools.TypeLibRegistry": "[0.1.0, )"
        }
      },
      "vbalanguageserver.syntax": {
        "type": "Project"
      },
      "vbatools.typelibregistry": {
        "type": "Project"
      }
    },
    "net10.0/win-x64": {}
  }
}
