{
  "version": 1,
  "dependencies": {
    "net10.0": {
      "vbadev.domain": {
        "type": "Project",
        "dependencies": {
          "VbaTools.Syntax": "[1.0.0, )"
        }
      },
      "vbatools.syntax": {
        "type": "Project"
      },
      "vbatools.typelibregistry": {
        "type": "Project"
      }
    }
  }
}
